
Microsoft Visual Studio Solution File, Format Version 12.00
# Visual Studio Version 17
VisualStudioVersion = 17.14.36518.9
MinimumVisualStudioVersion = 10.0.40219.1
Project("{8BC9CEB8-8B4A-11D0-8D11-00A0C91BC942}") = "01_OT", "1_OT\1_OT.vcxproj", "{5FF21AF4-3E0C-409C-855B-A31369C8EC43}"
EndProject
Project("{8BC9CEB8-8B4A-11D0-8D11-00A0C91BC942}") = "02_자료형과 변수", "2_자료형과 변수\2_자료형과 변수.vcxproj", "{942E26FE-C9E0-4586-8C43-DC08B0D44C70}"
EndProject
Project("{8BC9CEB8-8B4A-11D0-8D11-00A0C91BC942}") = "03_Debugging", "3_Debugging\3_Debugging.vcxproj", "{7D77B770-C3C6-45E2-97BD-C5571785A7D8}"
EndProject
Project("{8BC9CEB8-8B4A-11D0-8D11-00A0C91BC942}") = "04_전처리기와 링킹 과정", "4_전처리기와 링킹 과정\4_전처리기와 링킹 과정.vcxproj", "{61DE1255-2898-47CD-B4BC-5887A4FFAAF3}"
EndProject
Project("{8BC9CEB8-8B4A-11D0-8D11-00A0C91BC942}") = "05_자료형의 사용방법", "5_자료형의 사용방법\5_자료형의 사용방법.vcxproj", "{23002586-9633-4678-BC55-E592DCBA57F8}"
EndProject
Project("{8BC9CEB8-8B4A-11D0-8D11-00A0C91BC942}") = "06_코드의 흐름 제어", "6_코드의 흐름 제어\6_코드의 흐름 제어.vcxproj", "{AF2E4995-3DD4-424C-9565-E31E039CFA5D}"
EndProject
Project("{8BC9CEB8-8B4A-11D0-8D11-00A0C91BC942}") = "07_반복문", "7_반복문\7_반복문.vcxproj", "{217E3458-1447-4519-B28D-559B3E61F7D8}"
EndProject
Project("{8BC9CEB8-8B4A-11D0-8D11-00A0C91BC942}") = "08_함수의 선언 및 사용", "8_함수의 선언 및 사용\8_함수의 선언 및 사용.vcxproj", "{A6EA6297-3F25-4FA4-83D1-469AD03E6B18}"
EndProject
Project("{8BC9CEB8-8B4A-11D0-8D11-00A0C91BC942}") = "09_코드의 범위", "9_코드의 범위\9_코드의 범위.vcxproj", "{2E935D34-F44A-4B71-9447-509A256ECD48}"
EndProject
Project("{8BC9CEB8-8B4A-11D0-8D11-00A0C91BC942}") = "10_상수와 열거형 사용", "10_상수와 열거형 사용\10_상수와 열거형 사용.vcxproj", "{64A64565-6DFD-44D2-9DDF-1470B307A640}"
EndProject
Project("{8BC9CEB8-8B4A-11D0-8D11-00A0C91BC942}") = "11_자료형과 배열", "11_자료형과 배열\11_자료형과 배열.vcxproj", "{B02EF507-C82C-4FD6-99D9-FB544B5F6F1C}"
EndProject
Project("{8BC9CEB8-8B4A-11D0-8D11-00A0C91BC942}") = "12_2차원 배열", "12_2차원 배열\12_2차원 배열.vcxproj", "{1C25C6FA-62E8-43DA-8059-993CB5241632}"
EndProject
Project("{8BC9CEB8-8B4A-11D0-8D11-00A0C91BC942}") = "13_포인터에 대한 이해", "13_포인터에 대한 이해\13_포인터에 대한 이해.vcxproj", "{A633DB03-A473-43A0-BE0F-A7B58CE3A262}"
EndProject
Project("{8BC9CEB8-8B4A-11D0-8D11-00A0C91BC942}") = "14_상수 지시 포인터와 상수 포인터", "14_상수 지시 포인터와 상수 포인터\14_상수 지시 포인터와 상수 포인터.vcxproj", "{22C3750F-7664-42B0-9AC9-4CED799D34D9}"
EndProject
Project("{8BC9CEB8-8B4A-11D0-8D11-00A0C91BC942}") = "15_포인터와 배열에 대한 이해", "15_포인터와 배열에 대한 이해\15_포인터와 배열에 대한 이해.vcxproj", "{86AAD984-5224-4B6D-A58B-6C361F42D378}"
EndProject
Project("{8BC9CEB8-8B4A-11D0-8D11-00A0C91BC942}") = "16_구조체와 열거형", "16_구조체와 열거형\16_구조체와 열거형.vcxproj", "{5220659A-3AC1-456D-83CC-DF779BE654FC}"
EndProject
Global
	GlobalSection(SolutionConfigurationPlatforms) = preSolution
		Debug|x64 = Debug|x64
		Debug|x86 = Debug|x86
		Release|x64 = Release|x64
		Release|x86 = Release|x86
	EndGlobalSection
	GlobalSection(ProjectConfigurationPlatforms) = postSolution
		{5FF21AF4-3E0C-409C-855B-A31369C8EC43}.Debug|x64.ActiveCfg = Debug|x64
		{5FF21AF4-3E0C-409C-855B-A31369C8EC43}.Debug|x64.Build.0 = Debug|x64
		{5FF21AF4-3E0C-409C-855B-A31369C8EC43}.Debug|x86.ActiveCfg = Debug|Win32
		{5FF21AF4-3E0C-409C-855B-A31369C8EC43}.Debug|x86.Build.0 = Debug|Win32
		{5FF21AF4-3E0C-409C-855B-A31369C8EC43}.Release|x64.ActiveCfg = Release|x64
		{5FF21AF4-3E0C-409C-855B-A31369C8EC43}.Release|x64.Build.0 = Release|x64
		{5FF21AF4-3E0C-409C-855B-A31369C8EC43}.Release|x86.ActiveCfg = Release|Win32
		{5FF21AF4-3E0C-409C-855B-A31369C8EC43}.Release|x86.Build.0 = Release|Win32
		{942E26FE-C9E0-4586-8C43-DC08B0D44C70}.Debug|x64.ActiveCfg = Debug|x64
		{942E26FE-C9E0-4586-8C43-DC08B0D44C70}.Debug|x64.Build.0 = Debug|x64
		{942E26FE-C9E0-4586-8C43-DC08B0D44C70}.Debug|x86.ActiveCfg = Debug|Win32
		{942E26FE-C9E0-4586-8C43-DC08B0D44C70}.Debug|x86.Build.0 = Debug|Win32
		{942E26FE-C9E0-4586-8C43-DC08B0D44C70}.Release|x64.ActiveCfg = Release|x64
		{942E26FE-C9E0-4586-8C43-DC08B0D44C70}.Release|x64.Build.0 = Release|x64
		{942E26FE-C9E0-4586-8C43-DC08B0D44C70}.Release|x86.ActiveCfg = Release|Win32
		{942E26FE-C9E0-4586-8C43-DC08B0D44C70}.Release|x86.Build.0 = Release|Win32
		{7D77B770-C3C6-45E2-97BD-C5571785A7D8}.Debug|x64.ActiveCfg = Debug|x64
		{7D77B770-C3C6-45E2-97BD-C5571785A7D8}.Debug|x64.Build.0 = Debug|x64
		{7D77B770-C3C6-45E2-97BD-C5571785A7D8}.Debug|x86.ActiveCfg = Debug|Win32
		{7D77B770-C3C6-45E2-97BD-C5571785A7D8}.Debug|x86.Build.0 = Debug|Win32
		{7D77B770-C3C6-45E2-97BD-C5571785A7D8}.Release|x64.ActiveCfg = Release|x64
		{7D77B770-C3C6-45E2-97BD-C5571785A7D8}.Release|x64.Build.0 = Release|x64
		{7D77B770-C3C6-45E2-97BD-C5571785A7D8}.Release|x86.ActiveCfg = Release|Win32
		{7D77B770-C3C6-45E2-97BD-C5571785A7D8}.Release|x86.Build.0 = Release|Win32
		{61DE1255-2898-47CD-B4BC-5887A4FFAAF3}.Debug|x64.ActiveCfg = Debug|x64
		{61DE1255-2898-47CD-B4BC-5887A4FFAAF3}.Debug|x64.Build.0 = Debug|x64
		{61DE1255-2898-47CD-B4BC-5887A4FFAAF3}.Debug|x86.ActiveCfg = Debug|Win32
		{61DE1255-2898-47CD-B4BC-5887A4FFAAF3}.Debug|x86.Build.0 = Debug|Win32
		{61DE1255-2898-47CD-B4BC-5887A4FFAAF3}.Release|x64.ActiveCfg = Release|x64
		{61DE1255-2898-47CD-B4BC-5887A4FFAAF3}.Release|x64.Build.0 = Release|x64
		{61DE1255-2898-47CD-B4BC-5887A4FFAAF3}.Release|x86.ActiveCfg = Release|Win32
		{61DE1255-2898-47CD-B4BC-5887A4FFAAF3}.Release|x86.Build.0 = Release|Win32
		{23002586-9633-4678-BC55-E592DCBA57F8}.Debug|x64.ActiveCfg = Debug|x64
		{23002586-9633-4678-BC55-E592DCBA57F8}.Debug|x64.Build.0 = Debug|x64
		{23002586-9633-4678-BC55-E592DCBA57F8}.Debug|x86.ActiveCfg = Debug|Win32
		{23002586-9633-4678-BC55-E592DCBA57F8}.Debug|x86.Build.0 = Debug|Win32
		{23002586-9633-4678-BC55-E592DCBA57F8}.Release|x64.ActiveCfg = Release|x64
		{23002586-9633-4678-BC55-E592DCBA57F8}.Release|x64.Build.0 = Release|x64
		{23002586-9633-4678-BC55-E592DCBA57F8}.Release|x86.ActiveCfg = Release|Win32
		{23002586-9633-4678-BC55-E592DCBA57F8}.Release|x86.Build.0 = Release|Win32
		{AF2E4995-3DD4-424C-9565-E31E039CFA5D}.Debug|x64.ActiveCfg = Debug|x64
		{AF2E4995-3DD4-424C-9565-E31E039CFA5D}.Debug|x64.Build.0 = Debug|x64
		{AF2E4995-3DD4-424C-9565-E31E039CFA5D}.Debug|x86.ActiveCfg = Debug|Win32
		{AF2E4995-3DD4-424C-9565-E31E039CFA5D}.Debug|x86.Build.0 = Debug|Win32
		{AF2E4995-3DD4-424C-9565-E31E039CFA5D}.Release|x64.ActiveCfg = Release|x64
		{AF2E4995-3DD4-424C-9565-E31E039CFA5D}.Release|x64.Build.0 = Release|x64
		{AF2E4995-3DD4-424C-9565-E31E039CFA5D}.Release|x86.ActiveCfg = Release|Win32
		{AF2E4995-3DD4-424C-9565-E31E039CFA5D}.Release|x86.Build.0 = Release|Win32
		{217E3458-1447-4519-B28D-559B3E61F7D8}.Debug|x64.ActiveCfg = Debug|x64
		{217E3458-1447-4519-B28D-559B3E61F7D8}.Debug|x64.Build.0 = Debug|x64
		{217E3458-1447-4519-B28D-559B3E61F7D8}.Debug|x86.ActiveCfg = Debug|Win32
		{217E3458-1447-4519-B28D-559B3E61F7D8}.Debug|x86.Build.0 = Debug|Win32
		{217E3458-1447-4519-B28D-559B3E61F7D8}.Release|x64.ActiveCfg = Release|x64
		{217E3458-1447-4519-B28D-559B3E61F7D8}.Release|x64.Build.0 = Release|x64
		{217E3458-1447-4519-B28D-559B3E61F7D8}.Release|x86.ActiveCfg = Release|Win32
		{217E3458-1447-4519-B28D-559B3E61F7D8}.Release|x86.Build.0 = Release|Win32
		{A6EA6297-3F25-4FA4-83D1-469AD03E6B18}.Debug|x64.ActiveCfg = Debug|x64
		{A6EA6297-3F25-4FA4-83D1-469AD03E6B18}.Debug|x64.Build.0 = Debug|x64
		{A6EA6297-3F25-4FA4-83D1-469AD03E6B18}.Debug|x86.ActiveCfg = Debug|Win32
		{A6EA6297-3F25-4FA4-83D1-469AD03E6B18}.Debug|x86.Build.0 = Debug|Win32
		{A6EA6297-3F25-4FA4-83D1-469AD03E6B18}.Release|x64.ActiveCfg = Release|x64
		{A6EA6297-3F25-4FA4-83D1-469AD03E6B18}.Release|x64.Build.0 = Release|x64
		{A6EA6297-3F25-4FA4-83D1-469AD03E6B18}.Release|x86.ActiveCfg = Release|Win32
		{A6EA6297-3F25-4FA4-83D1-469AD03E6B18}.Release|x86.Build.0 = Release|Win32
		{2E935D34-F44A-4B71-9447-509A256ECD48}.Debug|x64.ActiveCfg = Debug|x64
		{2E935D34-F44A-4B71-9447-509A256ECD48}.Debug|x64.Build.0 = Debug|x64
		{2E935D34-F44A-4B71-9447-509A256ECD48}.Debug|x86.ActiveCfg = Debug|Win32
		{2E935D34-F44A-4B71-9447-509A256ECD48}.Debug|x86.Build.0 = Debug|Win32
		{2E935D34-F44A-4B71-9447-509A256ECD48}.Release|x64.ActiveCfg = Release|x64
		{2E935D34-F44A-4B71-9447-509A256ECD48}.Release|x64.Build.0 = Release|x64
		{2E935D34-F44A-4B71-9447-509A256ECD48}.Release|x86.ActiveCfg = Release|Win32
		{2E935D34-F44A-4B71-9447-509A256ECD48}.Release|x86.Build.0 = Release|Win32
		{64A64565-6DFD-44D2-9DDF-1470B307A640}.Debug|x64.ActiveCfg = Debug|x64
		{64A64565-6DFD-44D2-9DDF-1470B307A640}.Debug|x64.Build.0 = Debug|x64
		{64A64565-6DFD-44D2-9DDF-1470B307A640}.Debug|x86.ActiveCfg = Debug|Win32
		{64A64565-6DFD-44D2-9DDF-1470B307A640}.Debug|x86.Build.0 = Debug|Win32
		{64A64565-6DFD-44D2-9DDF-1470B307A640}.Release|x64.ActiveCfg = Release|x64
		{64A64565-6DFD-44D2-9DDF-1470B307A640}.Release|x64.Build.0 = Release|x64
		{64A64565-6DFD-44D2-9DDF-1470B307A640}.Release|x86.ActiveCfg = Release|Win32
		{64A64565-6DFD-44D2-9DDF-1470B307A640}.Release|x86.Build.0 = Release|Win32
		{B02EF507-C82C-4FD6-99D9-FB544B5F6F1C}.Debug|x64.ActiveCfg = Debug|x64
		{B02EF507-C82C-4FD6-99D9-FB544B5F6F1C}.Debug|x64.Build.0 = Debug|x64
		{B02EF507-C82C-4FD6-99D9-FB544B5F6F1C}.Debug|x86.ActiveCfg = Debug|Win32
		{B02EF507-C82C-4FD6-99D9-FB544B5F6F1C}.Debug|x86.Build.0 = Debug|Win32
		{B02EF507-C82C-4FD6-99D9-FB544B5F6F1C}.Release|x64.ActiveCfg = Release|x64
		{B02EF507-C82C-4FD6-99D9-FB544B5F6F1C}.Release|x64.Build.0 = Release|x64
		{B02EF507-C82C-4FD6-99D9-FB544B5F6F1C}.Release|x86.ActiveCfg = Release|Win32
		{B02EF507-C82C-4FD6-99D9-FB544B5F6F1C}.Release|x86.Build.0 = Release|Win32
		{1C25C6FA-62E8-43DA-8059-993CB5241632}.Debug|x64.ActiveCfg = Debug|x64
		{1C25C6FA-62E8-43DA-8059-993CB5241632}.Debug|x64.Build.0 = Debug|x64
		{1C25C6FA-62E8-43DA-8059-993CB5241632}.Debug|x86.ActiveCfg = Debug|Win32
		{1C25C6FA-62E8-43DA-8059-993CB5241632}.Debug|x86.Build.0 = Debug|Win32
		{1C25C6FA-62E8-43DA-8059-993CB5241632}.Release|x64.ActiveCfg = Release|x64
		{1C25C6FA-62E8-43DA-8059-993CB5241632}.Release|x64.Build.0 = Release|x64
		{1C25C6FA-62E8-43DA-8059-993CB5241632}.Release|x86.ActiveCfg = Release|Win32
		{1C25C6FA-62E8-43DA-8059-993CB5241632}.Release|x86.Build.0 = Release|Win32
		{A633DB03-A473-43A0-BE0F-A7B58CE3A262}.Debug|x64.ActiveCfg = Debug|x64
		{A633DB03-A473-43A0-BE0F-A7B58CE3A262}.Debug|x64.Build.0 = Debug|x64
		{A633DB03-A473-43A0-BE0F-A7B58CE3A262}.Debug|x86.ActiveCfg = Debug|Win32
		{A633DB03-A473-43A0-BE0F-A7B58CE3A262}.Debug|x86.Build.0 = Debug|Win32
		{A633DB03-A473-43A0-BE0F-A7B58CE3A262}.Release|x64.ActiveCfg = Release|x64
		{A633DB03-A473-43A0-BE0F-A7B58CE3A262}.Release|x64.Build.0 = Release|x64
		{A633DB03-A473-43A0-BE0F-A7B58CE3A262}.Release|x86.ActiveCfg = Release|Win32
		{A633DB03-A473-43A0-BE0F-A7B58CE3A262}.Release|x86.Build.0 = Release|Win32
		{22C3750F-7664-42B0-9AC9-4CED799D34D9}.Debug|x64.ActiveCfg = Debug|x64
		{22C3750F-7664-42B0-9AC9-4CED799D34D9}.Debug|x64.Build.0 = Debug|x64
		{22C3750F-7664-42B0-9AC9-4CED799D34D9}.Debug|x86.ActiveCfg = Debug|Win32
		{22C3750F-7664-42B0-9AC9-4CED799D34D9}.Debug|x86.Build.0 = Debug|Win32
		{22C3750F-7664-42B0-9AC9-4CED799D34D9}.Release|x64.ActiveCfg = Release|x64
		{22C3750F-7664-42B0-9AC9-4CED799D34D9}.Release|x64.Build.0 = Release|x64
		{22C3750F-7664-42B0-9AC9-4CED799D34D9}.Release|x86.ActiveCfg = Release|Win32
		{22C3750F-7664-42B0-9AC9-4CED799D34D9}.Release|x86.Build.0 = Release|Win32
		{86AAD984-5224-4B6D-A58B-6C361F42D378}.Debug|x64.ActiveCfg = Debug|x64
		{86AAD984-5224-4B6D-A58B-6C361F42D378}.Debug|x64.Build.0 = Debug|x64
		{86AAD984-5224-4B6D-A58B-6C361F42D378}.Debug|x86.ActiveCfg = Debug|Win32
		{86AAD984-5224-4B6D-A58B-6C361F42D378}.Debug|x86.Build.0 = Debug|Win32
		{86AAD984-5224-4B6D-A58B-6C361F42D378}.Release|x64.ActiveCfg = Release|x64
		{86AAD984-5224-4B6D-A58B-6C361F42D378}.Release|x64.Build.0 = Release|x64
		{86AAD984-5224-4B6D-A58B-6C361F42D378}.Release|x86.ActiveCfg = Release|Win32
		{86AAD984-5224-4B6D-A58B-6C361F42D378}.Release|x86.Build.0 = Release|Win32
		{5220659A-3AC1-456D-83CC-DF779BE654FC}.Debug|x64.ActiveCfg = Debug|x64
		{5220659A-3AC1-456D-83CC-DF779BE654FC}.Debug|x64.Build.0 = Debug|x64
		{5220659A-3AC1-456D-83CC-DF779BE654FC}.Debug|x86.ActiveCfg = Debug|Win32
		{5220659A-3AC1-456D-83CC-DF779BE654FC}.Debug|x86.Build.0 = Debug|Win32
		{5220659A-3AC1-456D-83CC-DF779BE654FC}.Release|x64.ActiveCfg = Release|x64
		{5220659A-3AC1-456D-83CC-DF779BE654FC}.Release|x64.Build.0 = Release|x64
		{5220659A-3AC1-456D-83CC-DF779BE654FC}.Release|x86.ActiveCfg = Release|Win32
		{5220659A-3AC1-456D-83CC-DF779BE654FC}.Release|x86.Build.0 = Release|Win32
	EndGlobalSection
	GlobalSection(SolutionProperties) = preSolution
		HideSolutionNode = FALSE
	EndGlobalSection
	GlobalSection(ExtensibilityGlobals) = postSolution
		SolutionGuid = {D6924A07-8711-454F-B60E-78E177BC3FD9}
	EndGlobalSection
EndGlobal
